
Microsoft Visual Studio Solution File, Format Version 12.00
# Visual Studio Version 17
VisualStudioVersion = 17.4.33103.184
MinimumVisualStudioVersion = 10.0.40219.1
Project("{FAE04EC0-301F-11D3-BF4B-00C04F79EFBC}") = "WebApplication1", "WebApplication1\WebApplication1.csproj", "{B9BE191F-5AEB-4A30-8247-02611082EE9D}"
EndProject
Project("{2150E333-8FDC-42A3-9474-1A3956D46DE8}") = "1-BL", "1-BL", "{6129AB7F-6D5F-452B-AD5C-851E20E1D0D1}"
EndProject
Project("{2150E333-8FDC-42A3-9474-1A3956D46DE8}") = "0-DAL", "0-DAL", "{970EC4BC-3EA4-495D-984C-B63F21AFC5C3}"
EndProject
Project("{2150E333-8FDC-42A3-9474-1A3956D46DE8}") = "4-Presentation", "4-Presentation", "{97664CCD-C763-4466-B91D-F00183E0696B}"
EndProject
Project("{2150E333-8FDC-42A3-9474-1A3956D46DE8}") = "3-Infrastrucutre", "3-Infrastrucutre", "{0A3FE46F-FC2A-4CE1-853B-08BDD5DE50A6}"
EndProject
Project("{FAE04EC0-301F-11D3-BF4B-00C04F79EFBC}") = "Infrastruture", "Infrastruture\Infrastruture.csproj", "{0A2C9326-67E0-40BD-9F39-DB175B63AECD}"
EndProject
Project("{FAE04EC0-301F-11D3-BF4B-00C04F79EFBC}") = "DAL", "DAL\DAL.csproj", "{E97F0B9A-97EA-4D72-BB5E-4160BFF62E18}"
EndProject
Project("{FAE04EC0-301F-11D3-BF4B-00C04F79EFBC}") = "StudentsService", "DAO\StudentsService.csproj", "{D1A56FE6-EC33-4493-A762-4CE8A205F15C}"
EndProject
Project("{FAE04EC0-301F-11D3-BF4B-00C04F79EFBC}") = "HangFire MVC 5 WebApp", "..\Hangfire-MVC-5-Web\HangFire MVC 5 WebApp\HangFire MVC 5 WebApp.csproj", "{CDA853D6-7538-4B49-BF77-253D95ECC274}"
EndProject
Project("{FAE04EC0-301F-11D3-BF4B-00C04F79EFBC}") = "WebApplication2", "WebApplication2\WebApplication2.csproj", "{5CB36678-C2EB-4588-A065-138FF47B5F8E}"
EndProject
Project("{FAE04EC0-301F-11D3-BF4B-00C04F79EFBC}") = "WebApplicationCoreService", "WebApplicationCoreService\WebApplicationCoreService.csproj", "{FDE682DA-35B8-46BE-9920-DC97B8560981}"
EndProject
Project("{FAE04EC0-301F-11D3-BF4B-00C04F79EFBC}") = "WebApplicationWebAPI", "WebApplicationWebAPI\WebApplicationWebAPI.csproj", "{88BBF4FF-16E2-4B80-8025-C707AD1EA1A3}"
EndProject
Global
	GlobalSection(SolutionConfigurationPlatforms) = preSolution
		Debug|Any CPU = Debug|Any CPU
		Release|Any CPU = Release|Any CPU
	EndGlobalSection
	GlobalSection(ProjectConfigurationPlatforms) = postSolution
		{B9BE191F-5AEB-4A30-8247-02611082EE9D}.Debug|Any CPU.ActiveCfg = Debug|Any CPU
		{B9BE191F-5AEB-4A30-8247-02611082EE9D}.Debug|Any CPU.Build.0 = Debug|Any CPU
		{B9BE191F-5AEB-4A30-8247-02611082EE9D}.Release|Any CPU.ActiveCfg = Release|Any CPU
		{B9BE191F-5AEB-4A30-8247-02611082EE9D}.Release|Any CPU.Build.0 = Release|Any CPU
		{0A2C9326-67E0-40BD-9F39-DB175B63AECD}.Debug|Any CPU.ActiveCfg = Debug|Any CPU
		{0A2C9326-67E0-40BD-9F39-DB175B63AECD}.Debug|Any CPU.Build.0 = Debug|Any CPU
		{0A2C9326-67E0-40BD-9F39-DB175B63AECD}.Release|Any CPU.ActiveCfg = Release|Any CPU
		{0A2C9326-67E0-40BD-9F39-DB175B63AECD}.Release|Any CPU.Build.0 = Release|Any CPU
		{E97F0B9A-97EA-4D72-BB5E-4160BFF62E18}.Debug|Any CPU.ActiveCfg = Debug|Any CPU
		{E97F0B9A-97EA-4D72-BB5E-4160BFF62E18}.Debug|Any CPU.Build.0 = Debug|Any CPU
		{E97F0B9A-97EA-4D72-BB5E-4160BFF62E18}.Release|Any CPU.ActiveCfg = Release|Any CPU
		{E97F0B9A-97EA-4D72-BB5E-4160BFF62E18}.Release|Any CPU.Build.0 = Release|Any CPU
		{D1A56FE6-EC33-4493-A762-4CE8A205F15C}.Debug|Any CPU.ActiveCfg = Debug|Any CPU
		{D1A56FE6-EC33-4493-A762-4CE8A205F15C}.Debug|Any CPU.Build.0 = Debug|Any CPU
		{D1A56FE6-EC33-4493-A762-4CE8A205F15C}.Release|Any CPU.ActiveCfg = Release|Any CPU
		{D1A56FE6-EC33-4493-A762-4CE8A205F15C}.Release|Any CPU.Build.0 = Release|Any CPU
		{CDA853D6-7538-4B49-BF77-253D95ECC274}.Debug|Any CPU.ActiveCfg = Debug|Any CPU
		{CDA853D6-7538-4B49-BF77-253D95ECC274}.Debug|Any CPU.Build.0 = Debug|Any CPU
		{CDA853D6-7538-4B49-BF77-253D95ECC274}.Release|Any CPU.ActiveCfg = Release|Any CPU
		{CDA853D6-7538-4B49-BF77-253D95ECC274}.Release|Any CPU.Build.0 = Release|Any CPU
		{5CB36678-C2EB-4588-A065-138FF47B5F8E}.Debug|Any CPU.ActiveCfg = Debug|Any CPU
		{5CB36678-C2EB-4588-A065-138FF47B5F8E}.Debug|Any CPU.Build.0 = Debug|Any CPU
		{5CB36678-C2EB-4588-A065-138FF47B5F8E}.Release|Any CPU.ActiveCfg = Release|Any CPU
		{5CB36678-C2EB-4588-A065-138FF47B5F8E}.Release|Any CPU.Build.0 = Release|Any CPU
		{FDE682DA-35B8-46BE-9920-DC97B8560981}.Debug|Any CPU.ActiveCfg = Debug|Any CPU
		{FDE682DA-35B8-46BE-9920-DC97B8560981}.Debug|Any CPU.Build.0 = Debug|Any CPU
		{FDE682DA-35B8-46BE-9920-DC97B8560981}.Release|Any CPU.ActiveCfg = Release|Any CPU
		{FDE682DA-35B8-46BE-9920-DC97B8560981}.Release|Any CPU.Build.0 = Release|Any CPU
		{88BBF4FF-16E2-4B80-8025-C707AD1EA1A3}.Debug|Any CPU.ActiveCfg = Debug|Any CPU
		{88BBF4FF-16E2-4B80-8025-C707AD1EA1A3}.Debug|Any CPU.Build.0 = Debug|Any CPU
		{88BBF4FF-16E2-4B80-8025-C707AD1EA1A3}.Release|Any CPU.ActiveCfg = Release|Any CPU
		{88BBF4FF-16E2-4B80-8025-C707AD1EA1A3}.Release|Any CPU.Build.0 = Release|Any CPU
	EndGlobalSection
	GlobalSection(SolutionProperties) = preSolution
		HideSolutionNode = FALSE
	EndGlobalSection
	GlobalSection(NestedProjects) = preSolution
		{B9BE191F-5AEB-4A30-8247-02611082EE9D} = {97664CCD-C763-4466-B91D-F00183E0696B}
		{0A2C9326-67E0-40BD-9F39-DB175B63AECD} = {0A3FE46F-FC2A-4CE1-853B-08BDD5DE50A6}
		{E97F0B9A-97EA-4D72-BB5E-4160BFF62E18} = {970EC4BC-3EA4-495D-984C-B63F21AFC5C3}
		{D1A56FE6-EC33-4493-A762-4CE8A205F15C} = {6129AB7F-6D5F-452B-AD5C-851E20E1D0D1}
		{CDA853D6-7538-4B49-BF77-253D95ECC274} = {97664CCD-C763-4466-B91D-F00183E0696B}
		{5CB36678-C2EB-4588-A065-138FF47B5F8E} = {97664CCD-C763-4466-B91D-F00183E0696B}
		{FDE682DA-35B8-46BE-9920-DC97B8560981} = {97664CCD-C763-4466-B91D-F00183E0696B}
		{88BBF4FF-16E2-4B80-8025-C707AD1EA1A3} = {97664CCD-C763-4466-B91D-F00183E0696B}
	EndGlobalSection
	GlobalSection(ExtensibilityGlobals) = postSolution
		SolutionGuid = {93B8F3C8-E860-424C-A785-87932A60749C}
	EndGlobalSection
EndGlobal
